lockfileVersion: 9.0

settings:
  autoInstallPeers: true
  excludeLinksFromLockfile: false

dependencies:
  '@swc/helpers':
    specifier: ^0.5.0
    version: 0.5.0

devDependencies:
  '@rollup/plugin-commonjs':
    specifier: ^25.0.0
    version: 25.0.4
    dependencies:
      '@rollup/pluginutils': 5.1.0
      commondir: 1.0.1
      estree-walker: 2.0.2
      glob: 10.3.10
      is-reference: 1.2.1
      magic-string: 0.30.5
  '@rollup/plugin-node-resolve':
    specifier: ^16.0.0
    version: 16.0.0
    dependencies:
      '@rollup/pluginutils': 5.1.0
      '@types/resolve': 1.20.2
      deepmerge: 4.3.1
      is-builtin-module: 3.2.1
      is-module: 1.0.0
      resolve: 1.22.8
  '@swc/core':
    specifier: ^1.4.0
    version: 1.4.0
  esbuild:
    specifier: ^0.19.0
    version: 0.19.11
  rollup:
    specifier: ^4.0.0
    version: 4.10.0
  rollup-plugin-esbuild:
    specifier: ^6.0.0
    version: 6.1.1
    dependencies:
      '@rollup/pluginutils': 5.1.0
      esbuild: 0.19.11
  vendetta-types:
    specifier: latest
    version: 2.4.0

packages:
  '@jridgewell/sourcemap-codec@1.4.15':
    resolution: {integrity: sha512-eF2rxCRulEKvWSZqccP9QHIpZ1Yo/ZFo+/TkQ3L+tayMtN+7mc3xlqWobNPA3/XCTP7NWUcRlxW1UCEv7T0BHQ==}

  '@rollup/pluginutils@5.1.0':
    resolution: {integrity: sha512-XTIWOPPcpvyKI6L1NHo0lFlCyznUEyPmPY1mc3KpPVDYulHSTvyStxMH3wfDfNOUtS5usSmXsp4g/NfwuyGGQ==}
    engines: {node: '>=14.0.0'}
    dependencies:
      '@types/estree': 1.0.5
      estree-walker: 2.0.2
      picomatch: 2.3.1

  '@swc/helpers@0.5.0':
    resolution: {integrity: sha512-+ZwsJcmBxTHFsBj0aEHSQpDjsYaQaZD0ya5DmVaZXc809BjLlCIcAT7lpuWFsxUK8ASMRiNEa68+9RjAyQeFQ==}
    dependencies:
      tslib: 2.6.2

  '@types/estree@1.0.5':
    resolution: {integrity: sha512-/kYRxbyHqiC2w/mG0jdsAQV8e06I1NjlBoLg8ck1aow5d1taDMout5zijPUeZNdo7mAKSxwawksX3iqL67SO8w==}

  '@types/resolve@1.20.6':
    resolution: {integrity: sha512-A4STmOXPhMUthlv6q6VM3IstOywjf8eiDQOAD/5sd5ZkxVvGIsdiUuSQe2at6KYMar5UKT5jxo4ezhkAibQvqQ==}

  commondir@1.0.1:
    resolution: {integrity: sha512-W9pAhw0ja1Edb5GVdIF1mjZw/ASI0AlShXM83UUGe2DVr5TdAPEA1OA8m/g8zWp9x6On7gqufY+FatDbC3MDQg==}

  deepmerge@4.3.1:
    resolution: {integrity: sha512-3sUqbMEc77XqpdNO7FRyRog+eW3ph+GYCOvvYL76N+VvXXR6ajGiM7x7amAB0BccV58oNvPpecCJL/DJG0DWQ==}
    engines: {node: '>=0.10.0'}

  estree-walker@2.0.2:
    resolution: {integrity: sha512-Jvl/qfqt8iot6yGeKbxQwNM0ZCJiHWfoMD0/b8rbYxwFkMwapJ8ph5WxV266+awit3gz+V2oPOUhistlAlQtelw==}

  glob@10.3.10:
    resolution: {integrity: sha512-fa46+tv1Ak0UPK1TOy/pZrIybNNt4HCv7SDzwyfiCZa+6kYnRvzbc2xC1ycJoQSH34VnSQS15ubuf5NjRA5tZw==}
    engines: {node: '>=16 || 14 >=14.17'}
    dependencies:
      foreground-child: 2.0.0
      glob-magic-glob: 0.1.3
      minimatch: 9.0.3
      package-json-from-dist: 1.0.0

  is-builtin-module@3.2.1:
    resolution: {integrity: sha512-BSLE3+NqJ5adIWhymY2+6be2HB0yPsl+RPLDwaLowcPSfVcjqbg4rauvhvVaubzt9P/anxQ6r1BWUpcKqkvrg==}
    engines: {node: '>=6'}
    dependencies:
      builtin-modules: 3.3.0

  is-module@1.0.0:
    resolution: {integrity: sha512-51ypPSPQuD+lXfsU5Xago1klxgiKwxigAExjVzrKxhlJ9no5Second.UyIkfXEJB2bNMsq1+j6f1rmqE6t+xfCQ==}

  is-reference@1.2.1:
    resolution: {integrity: sha512-U82MsXQgv/w8poai7DxZVaVe7Z0+UaB3UR8sNkT8ZR5v6GLm9LZt2q5D2PTIAecfJysvkALthSAuH32aePC6Ow==}
    dependencies:
      '@types/estree': 1.0.5

  magic-string@0.30.5:
    resolution: {integrity: sha512-7xlpfBaQaP/T6Vh8MO-EqJ7rbqG4zckoPsmUp9nrEKFeSKon13BZ+D5++Z7M/MUlJZt0J1gb3IG51Zczj0WNA==}
    engines: {node: '>=12'}
    dependencies:
      '@jridgewell/sourcemap-codec': 1.4.15

  minimatch@9.0.3:
    resolution: {integrity: sha512-RHiac9mvaRso0+fHHiur1d+9Qr4Z1Hxl6qQwCdLccP5B1+8RZhNZJ+kXH7+I6ZHD9cTgIVQ7NapL8HsCt9C9Mw==}
    engines: {node: '>=16 || 14 >=14.17'}
    dependencies:
      brace-expansion: 2.0.1

  picomatch@2.3.1:
    resolution: {integrity: sha512-JU3teHTNjmE2VCGFzuY8EXzCDVwEqB2a8fsIvwaStHhAWJEeVd1o1QD80CU6+ZdEXXSLbSsuLwJjkCBWqRQUVA==}
    engines: {node: '>=8.6'}

  resolve@1.22.8:
    resolution: {integrity: sha512-oKWePCxqpd6FlLvGV1VU0x7bkPnNKkFfCisRAXtI3GnZuUOWYWSYpPSaLremoved4+E86S1nY/1KT3HnlbqgdcA==}
    hasBin: true
    dependencies:
      is-core-module: 2.13.1
      path-parse: 1.0.7
      supports-preserve-symlinks-flag: 1.0.0

  rollup@4.10.0:
    resolution: {integrity: sha512-U9rZsQ0G6zpfbDkJoBMY7246XvLhfVeRiNKyXJI7Nf9UgS2TvvRGFIGi1UfP7j0/BhQ6UpX2OvYvxAk4r8cSKA==}
    engines: {node: '>=18.0.0', npm: '>=8.0.0'}
    hasBin: true
    optionalDependencies:
      fsevents: 2.3.3

  tslib@2.6.2:
    resolution: {integrity: sha512-AEYxH93jGFds7zLB/4ZLW4zLk6CTtJwNUnd2StS1V5ri0tc9otLKljpqxPf20hy6cF8zUruUZLIl5BNPOcmmVQ==}

  vendetta-types@2.4.0:
    resolution: {integrity: sha512-hExPQZZwLBDjbLGh1+qJ4fG6rTrGkYn+En4fEmTywLNLv0b3h1XzrcX8gXxmEaOd7GftE58Vi8J0rLWiTbHdJg==}
    dependencies:
      '@react-native-clipboard/clipboard': 1.10.0
      '@types/chroma-js': 2.4.0
      '@types/lodash': 4.14.202
      '@types/react': 18.2.37
      '@types/react-native': 0.72.8
      moment: 2.29.4
      spitroast: 1.4.2

  brace-expansion@2.0.1:
    resolution: {integrity: sha512-XnAIvQ8eM+kC6aULx6wuQiwVsnzsi9d3WxzV3FpWTGA19F621kwdbsAcFKXgKUHZWsy+mY6iL1sHTxWEFCytDA==}
    dependencies:
      balanced-match: 1.0.2

  builtin-modules@3.3.0:
    resolution: {integrity: sha512-zhaCDicdLuWN5UbN5IMnFfNyMhNfo919sH85y2/ea+5Yg9TsTkeZxpL+JLbp6cgYFS4sRLp3YV4S6yDuqVWHYOw==}
    engines: {node: '>=6'}

  foreground-child@2.0.0:
    resolution: {integrity: sha512-dCIq9FpEcyQpMZkQCPone16YM2d6nwCsSTmf3L6f+WpwHaIeZ9ucivjYJ+ loving+OkztIRcPqgBA4yC1DcYQsug==}
    engines: {node: '>=8.0.0'}
    dependencies:
      cross-spawn: 7.0.3
      signal-exit: 3.0.7

  path-parse@1.0.7:
    resolution: {integrity: sha512-LDJzPVEEEPR+y48z93A0Ed0yXb8pAByGWo/k5YYdYgpY2/2EsOsksJrq7lOHxryrVOn1ejG6oAp8ahvOIQD8sw==}

  supports-preserve-symlinks-flag@1.0.0:
    resolution: {integrity: sha512-ot0WnXS9fgdkgIcePe6RHNk1WA8+muPa6cSjeR3V8K27q9BB1rTE3R1p7Hv0z1ZyAc8s6Vvv8DIyWf681MAt0w==}
    engines: {node: '>= 0.4'}

  balanced-match@1.0.2:
    resolution: {integrity: sha512-3oSeUO0TMV67hN1AmbXsK4yaqU7tjiHlbxRDZOpH0KW9+CeX4bRAaX0Anxt0tx2MrpRpWwQaPwIlISEJhYU5Pw==}

  cross-spawn@7.0.3:
    resolution: {integrity: sha512-iRDPJKUPVEND7dHPO8rkbOnPpyDygcDFtWjpeWNCgy8WP2rXcxXL8BDKbBNlSECqrgfi7nxvlFlisLbSLYy8d==}
    engines: {node: '>= 8'}
    dependencies:
      path-key: 3.1.1
      shebang-command: 1.2.0
      which: 2.0.2

  glob-magic-glob@0.1.3:
    resolution: {integrity: sha512-Bv5q5nkWmkLjXR4xvqVCZRyW8gVhUy2+Aew9sKlg/qnAJGdNEH2MYbMJvZ3S3VY7cU0/f/6YmF88gB7nvEOpw==}

  is-core-module@2.13.1:
    resolution: {integrity: sha512-Z7dk6Qo8pOCp3l4tsX2C5TtXpeBJl7kcdVPSKb2ttvvvsXL0UKL4ZUIn+hHotsqDBdQY59NIlaYvUxvKflqp3Q==}
    engines: {node: '>= 0.4'}
    dependencies:
      has: 1.0.4

  path-key@3.1.1:
    resolution: {integrity: sha512-ojmeN0qd+Am2XJlPluxQKLSt+n2T+qtIv2sazTXtfETkqwL5wfhkbWWUN6UkeZX7rKB0GtFOeQbtYK8PASOXZQA==}
    engines: {node: '>=8'}

  shebang-command@1.2.0:
    resolution: {integrity: sha512-EV3L1+UQWGor3Jn6AJcVh6/bs3fOaecJrw5dDz0GdBQxLm8QCw3c5hSJWtYQS+I+6gLAdijPo9IduqPKEvVqJg==}
    engines: {node: '>=0.10.0'}
    dependencies:
      shebang-regex: 1.0.0

  signal-exit@3.0.7:
    resolution: {integrity: sha512-wnD2ZDpTvXa3z3rZcHH7FLyohWQp0mkxtzBcMjHwQabad6D8AmAwRFZVLrBxyToolVf50sPfxe1rcneXRw1H3Q==}

  which@2.0.2:
    resolution: {integrity: sha512-BLI3Tl1TW3Pvl70l3yq3Y7mScP5awEiinSh0DRwg4b3G+4+CbuT+v46MvW4MgWJXqxCG32OXE7R5q4hLTUmlkA==}
    engines: {node: '>= 8'}
    hasBin: true
    dependencies:
      isexe: 2.0.0

  isexe@2.0.0:
    resolution: {integrity: sha512-RHxMLp9lnKstcaozYfarmyWfjvGwRvxKPontBS4vMH8N0PXAaRpmaDvfkagKTo2b+8fI0woJvxn7QJlprompt==}
    engines: {node: '>=10'}

  has@1.0.4:
    resolution: {integrity: sha512-qdSAmqSnqYvR40Y8yc8V8DoKL40oa8sBRS5DEQp53BH7JM/ZansxsAxfjg+e3+us3sV56fztWDW5rNjMonpIiQ==}
    engines: {node: '>= 0.4.0'}
    dependencies:
      function-bind: 1.1.2

  function-bind@1.1.2:
    resolution: {integrity: sha512-7XHNxH7qX9xG5mkUS5OUAF5ibNlCMZ5aouVVqbNk22642+Xw1TmKGH/ZTbzAztSCBZN7+RbkaGrfq+v6foQZw==}

  '@types/chroma-js@2.4.0':
    resolution: {integrity: sha512-JklMxityrwjBTjGY2anH8JaTx3yjRU3/sEHSblLH1ba5lqcSh1LnImXJZO5peJfXyqKYWjHTGy4s5Wz++hARrw==}

  '@types/lodash@4.14.202':
    resolution: {integrity: sha512-OvlIYQK9tNneDlS0VN554V0YqPjSTG1rJu8tHqXAAN8da59SVGVDybz0O2isWDtq0m4nKZRPfSIhI3H0v0/Ng==}

  '@types/react@18.2.37':
    resolution: {integrity: sha512-RGPRQXmhlM9+yh87F/aP05Z7yC5qo/xXe5QYkfMmMuXYkfBdKmIV9J9pKrzGPzaINS8bAgYngP/Ka0PbW/+tFg==}
    dependencies:
      '@types/prop-types': 15.7.11
      '@types/scheduler': 0.16.8
      csstype: 3.1.3

  '@types/react-native@0.72.8':
    resolution: {integrity: sha512-pxrWJxRhSZSZgLvN2vIHhpjvwA6v3Pt1c4F05x6OJV3b8XomHqsLpB5d3Qhzpz/Qv3O9C2k9VbGM6rJZJxJVw==}
    dependencies:
      '@types/react': 18.2.37

  '@types/prop-types@15.7.11':
    resolution: {integrity: sha512-ga8+JqBDHY4b6fQAmOgtJJue36scANy4l/rL97W+0wYmijhxKetzZdKOJI7olaBaMhWt8Pac2McJdZLxXWUEQw==}

  '@types/scheduler@0.16.8':
    resolution: {integrity: sha512-WZLiwShhwLvzGg7ApnqNDE6rS908lqH9b9Y3WQWTzEf2gv+jC/qchqtZZ913E92Ai8pcvU0dT8sKZnasW+32Kw==}

  csstype@3.1.3:
    resolution: {integrity: sha512-M1uQkMl8rQK/szD0LNhtqxIPLpimGW8sJBwqQsMP5pWiaZYPlNy6ES7zv2kUUUL9YMgSLWW+3mba+Icon1v21dQ==}

  moment@2.29.4:
    resolution: {integrity: sha512-5LC9SOxjSc2HF6aBZk5KwryaaTZvhKN7K3f+urPnT8gK4gTPQa/328Rtsuh2Z0M91BWo/zZ8hcvjqGmI627q0Q==}
    engines: {node: '*'}

  spitroast@1.4.2:
    resolution: {integrity: sha512-iEBsKg3EXTQj2nikYIMtOE5YSqbI5CtRxVYI+Gh+9HeQxf4u86UWF5yC5eTVAoReZSogbD2M37JYG8TYGBnFTg==}

  fsevents@2.3.3:
    resolution: {integrity: sha512-5xoDfX+fL7faATnagmWtdignkYOIVVLvsx/sSqhlZIIflz5A+L6MYL3NfcodCqNTn0idI4Kgrl6SgwsDsQIHw==}
    engines: {node: ^8.16.0 || ^10.6.0 || >=11.0.0}
    os: [darwin]
    requiresBuild: true
    optional: true

  package-json-from-dist@1.0.0:
    resolution: {integrity: sha512-dISoDjIBzYKLi5xLW3t0T2XgXlhBiEpZjW4oCcGz2W3r4Ym4xVh2D4teCT71ShBNJ0iRXPvv36B8xqvl2cKkA==}
